{
  "name": "bar-cli",
  "version": "1.0.0",
  "lockfileVersion": 2,
  "requires": true,
  "packages": {
    "": {
      "name": "bar-cli",
      "version": "1.0.0",
      "license": "ISC",
      "dependencies": {
        "cli-table": "^0.3.11",
        "commander": "^9.4.0",
        "typescript": "^4.8.3"
      },
      "bin": {
        "bar-cli": "build/server.js"
      },
      "devDependencies": {
        "@types/cli-table": "^0.3.0",
        "@types/node": "^18.7.18"
      }
    },
    "node_modules/@types/cli-table": {
      "version": "0.3.0",
      "resolved": "https://npm.yandex-team.ru/@types%2fcli-table/-/cli-table-0.3.0.tgz?rbtorrent=d1e40f8161289e2a92dd980f9074cd918fd1d16d",
      "integrity": "sha512-QnZUISJJXyhyD6L1e5QwXDV/A5i2W1/gl6D6YMc8u0ncPepbv/B4w3S+izVvtAg60m6h+JP09+Y/0zF2mojlFQ==",
      "dev": true,
      "license": "MIT"
    },
    "node_modules/@types/node": {
      "version": "18.7.18",
      "resolved": "https://npm.yandex-team.ru/@types%2fnode/-/node-18.7.18.tgz?rbtorrent=a8035c92dc8d29c05132f2b0c1e04b82bafa0609",
      "integrity": "sha512-m+6nTEOadJZuTPkKR/SYK3A2d7FZrgElol9UP1Kae90VVU4a6mxnPuLiIW1m4Cq4gZ/nWb9GrdVXJCoCazDAbg==",
      "dev": true,
      "license": "MIT"
    },
    "node_modules/cli-table": {
      "version": "0.3.11",
      "resolved": "https://npm.yandex-team.ru/cli-table/-/cli-table-0.3.11.tgz?rbtorrent=6bf5cb8c6a8b21f617672b00981410214480869f",
      "integrity": "sha512-IqLQi4lO0nIB4tcdTpN4LCB9FI3uqrJZK7RC515EnhZ6qBaglkIgICb1wjeAqpdoOabm1+SuQtkXIPdYC93jhQ==",
      "dependencies": {
        "colors": "1.0.3"
      },
      "engines": {
        "node": ">= 0.2.0"
      }
    },
    "node_modules/colors": {
      "version": "1.0.3",
      "resolved": "https://npm.yandex-team.ru/colors/-/colors-1.0.3.tgz?rbtorrent=4e1b70b6d8fd2a8bde74220e71a037f7bfb663e0",
      "integrity": "sha1-BDP0TYCWgP3rYO0mDxsMJi6CpAs=",
      "license": "MIT",
      "engines": {
        "node": ">=0.1.90"
      }
    },
    "node_modules/commander": {
      "version": "9.4.0",
      "resolved": "https://npm.yandex-team.ru/commander/-/commander-9.4.0.tgz?rbtorrent=5c2ba05e5cbc6956c9e2750c307b67a39099d07b",
      "integrity": "sha512-sRPT+umqkz90UA8M1yqYfnHlZA7fF6nSphDtxeywPZ49ysjxDQybzk13CL+mXekDRG92skbcqCLVovuCusNmFw==",
      "license": "MIT",
      "engines": {
        "node": "^12.20.0 || >=14"
      }
    },
    "node_modules/typescript": {
      "version": "4.8.3",
      "resolved": "https://npm.yandex-team.ru/typescript/-/typescript-4.8.3.tgz?rbtorrent=438b5e332b4c08bc49a6750219bb953ca6b9afe6",
      "integrity": "sha512-goMHfm00nWPa8UvR/CPSvykqf6dVV8x/dp0c5mFTMTIu0u0FlGWRioyy7Nn0PGAdHxpJZnuO/ut+PpQ8UiHAig==",
      "license": "Apache-2.0",
      "bin": {
        "tsc": "bin/tsc",
        "tsserver": "bin/tsserver"
      },
      "engines": {
        "node": ">=4.2.0"
      }
    }
  },
  "dependencies": {
    "@types/cli-table": {
      "version": "0.3.0",
      "resolved": "https://npm.yandex-team.ru/@types%2fcli-table/-/cli-table-0.3.0.tgz?rbtorrent=d1e40f8161289e2a92dd980f9074cd918fd1d16d",
      "integrity": "sha512-QnZUISJJXyhyD6L1e5QwXDV/A5i2W1/gl6D6YMc8u0ncPepbv/B4w3S+izVvtAg60m6h+JP09+Y/0zF2mojlFQ==",
      "dev": true
    },
    "@types/node": {
      "version": "18.7.18",
      "resolved": "https://npm.yandex-team.ru/@types%2fnode/-/node-18.7.18.tgz?rbtorrent=a8035c92dc8d29c05132f2b0c1e04b82bafa0609",
      "integrity": "sha512-m+6nTEOadJZuTPkKR/SYK3A2d7FZrgElol9UP1Kae90VVU4a6mxnPuLiIW1m4Cq4gZ/nWb9GrdVXJCoCazDAbg==",
      "dev": true
    },
    "cli-table": {
      "version": "0.3.11",
      "resolved": "https://npm.yandex-team.ru/cli-table/-/cli-table-0.3.11.tgz?rbtorrent=6bf5cb8c6a8b21f617672b00981410214480869f",
      "integrity": "sha512-IqLQi4lO0nIB4tcdTpN4LCB9FI3uqrJZK7RC515EnhZ6qBaglkIgICb1wjeAqpdoOabm1+SuQtkXIPdYC93jhQ==",
      "requires": {
        "colors": "1.0.3"
      }
    },
    "colors": {
      "version": "1.0.3",
      "resolved": "https://npm.yandex-team.ru/colors/-/colors-1.0.3.tgz?rbtorrent=4e1b70b6d8fd2a8bde74220e71a037f7bfb663e0",
      "integrity": "sha1-BDP0TYCWgP3rYO0mDxsMJi6CpAs="
    },
    "commander": {
      "version": "9.4.0",
      "resolved": "https://npm.yandex-team.ru/commander/-/commander-9.4.0.tgz?rbtorrent=5c2ba05e5cbc6956c9e2750c307b67a39099d07b",
      "integrity": "sha512-sRPT+umqkz90UA8M1yqYfnHlZA7fF6nSphDtxeywPZ49ysjxDQybzk13CL+mXekDRG92skbcqCLVovuCusNmFw=="
    },
    "typescript": {
      "version": "4.8.3",
      "resolved": "https://npm.yandex-team.ru/typescript/-/typescript-4.8.3.tgz?rbtorrent=438b5e332b4c08bc49a6750219bb953ca6b9afe6",
      "integrity": "sha512-goMHfm00nWPa8UvR/CPSvykqf6dVV8x/dp0c5mFTMTIu0u0FlGWRioyy7Nn0PGAdHxpJZnuO/ut+PpQ8UiHAig=="
    }
  }
}
