{
  "name": "6-bar-cli",
  "version": "1.0.0",
  "lockfileVersion": 2,
  "requires": true,
  "packages": {
    "": {
      "name": "6-bar-cli",
      "version": "1.0.0",
      "license": "ISC",
      "dependencies": {
        "commander": "^9.4.0"
      },
      "bin": {
        "6-bar-cli": "server.js"
      }
    },
    "node_modules/commander": {
      "version": "9.4.0",
      "resolved": "https://npm.yandex-team.ru/commander/-/commander-9.4.0.tgz?rbtorrent=5c2ba05e5cbc6956c9e2750c307b67a39099d07b",
      "integrity": "sha512-sRPT+umqkz90UA8M1yqYfnHlZA7fF6nSphDtxeywPZ49ysjxDQybzk13CL+mXekDRG92skbcqCLVovuCusNmFw==",
      "license": "MIT",
      "engines": {
        "node": "^12.20.0 || >=14"
      }
    }
  },
  "dependencies": {
    "commander": {
      "version": "9.4.0",
      "resolved": "https://npm.yandex-team.ru/commander/-/commander-9.4.0.tgz?rbtorrent=5c2ba05e5cbc6956c9e2750c307b67a39099d07b",
      "integrity": "sha512-sRPT+umqkz90UA8M1yqYfnHlZA7fF6nSphDtxeywPZ49ysjxDQybzk13CL+mXekDRG92skbcqCLVovuCusNmFw=="
    }
  }
}
